
Microsoft Visual Studio Solution File, Format Version 12.00
# Visual Studio Version 16
VisualStudioVersion = 16.0.29326.143
MinimumVisualStudioVersion = 10.0.40219.1
Project("{FAE04EC0-301F-11D3-BF4B-00C04F79EFBC}") = "BloodBank.Web", "BloodBank.Web\BloodBank.Web.csproj", "{E3F7E161-DF36-4A50-8D42-528005B3DDDD}"
EndProject
Project("{FAE04EC0-301F-11D3-BF4B-00C04F79EFBC}") = "BloodBank.Models", "BloodBank.Models\BloodBank.Models.csproj", "{AE9B8BFC-E10F-4DBA-9269-CD503BB07A22}"
EndProject
Project("{FAE04EC0-301F-11D3-BF4B-00C04F79EFBC}") = "BloodBank.DataAccess", "BloodBank.DataAccess\BloodBank.DataAccess.csproj", "{BAC6C336-60BA-4A07-B861-08990688237B}"
EndProject
Global
	GlobalSection(SolutionConfigurationPlatforms) = preSolution
		Debug|Any CPU = Debug|Any CPU
		Release|Any CPU = Release|Any CPU
	EndGlobalSection
	GlobalSection(ProjectConfigurationPlatforms) = postSolution
		{E3F7E161-DF36-4A50-8D42-528005B3DDDD}.Debug|Any CPU.ActiveCfg = Debug|Any CPU
		{E3F7E161-DF36-4A50-8D42-528005B3DDDD}.Debug|Any CPU.Build.0 = Debug|Any CPU
		{E3F7E161-DF36-4A50-8D42-528005B3DDDD}.Release|Any CPU.ActiveCfg = Release|Any CPU
		{E3F7E161-DF36-4A50-8D42-528005B3DDDD}.Release|Any CPU.Build.0 = Release|Any CPU
		{AE9B8BFC-E10F-4DBA-9269-CD503BB07A22}.Debug|Any CPU.ActiveCfg = Debug|Any CPU
		{AE9B8BFC-E10F-4DBA-9269-CD503BB07A22}.Debug|Any CPU.Build.0 = Debug|Any CPU
		{AE9B8BFC-E10F-4DBA-9269-CD503BB07A22}.Release|Any CPU.ActiveCfg = Release|Any CPU
		{AE9B8BFC-E10F-4DBA-9269-CD503BB07A22}.Release|Any CPU.Build.0 = Release|Any CPU
		{BAC6C336-60BA-4A07-B861-08990688237B}.Debug|Any CPU.ActiveCfg = Debug|Any CPU
		{BAC6C336-60BA-4A07-B861-08990688237B}.Debug|Any CPU.Build.0 = Debug|Any CPU
		{BAC6C336-60BA-4A07-B861-08990688237B}.Release|Any CPU.ActiveCfg = Release|Any CPU
		{BAC6C336-60BA-4A07-B861-08990688237B}.Release|Any CPU.Build.0 = Release|Any CPU
	EndGlobalSection
	GlobalSection(SolutionProperties) = preSolution
		HideSolutionNode = FALSE
	EndGlobalSection
	GlobalSection(ExtensibilityGlobals) = postSolution
		SolutionGuid = {C716949A-579D-4F99-B0D4-58AE73CF44E1}
	EndGlobalSection
EndGlobal
